Microsoft Visual Studio Solution File, Format Version 12.00
# Visual Studio 15
VisualStudioVersion = 15.0.27703.2035
MinimumVisualStudioVersion = 10.0.40219.1
Project("{9A19103F-16F7-4668-BE54-9A1E7A4F7556}") = "BasicBlockchain", "BasicBlockchain\BasicBlockchain.csproj", "{AA0BC85D-30C8-4A7B-9F1A-6A0BB3432B52}"
EndProject
Global
	GlobalSection(SolutionConfigurationPlatforms) = preSolution
		Debug|Any CPU = Debug|Any CPU
		Release|Any CPU = Release|Any CPU
	EndGlobalSection
	GlobalSection(ProjectConfigurationPlatforms) = postSolution
		{AA0BC85D-30C8-4A7B-9F1A-6A0BB3432B52}.Debug|Any CPU.ActiveCfg = Debug|Any CPU
		{AA0BC85D-30C8-4A7B-9F1A-6A0BB3432B52}.Debug|Any CPU.Build.0 = Debug|Any CPU
		{AA0BC85D-30C8-4A7B-9F1A-6A0BB3432B52}.Release|Any CPU.ActiveCfg = Release|Any CPU
		{AA0BC85D-30C8-4A7B-9F1A-6A0BB3432B52}.Release|Any CPU.Build.0 = Release|Any CPU
	EndGlobalSection
	GlobalSection(SolutionProperties) = preSolution
		HideSolutionNode = FALSE
	EndGlobalSection
	GlobalSection(ExtensibilityGlobals) = postSolution
		SolutionGuid = {9D7749CF-F506-4F75-85E8-EA67D59C1EBB}
	EndGlobalSection
EndGlobal
